
Microsoft Visual Studio Solution File, Format Version 12.00
# Visual Studio Version 17
VisualStudioVersion = 17.2.32526.322
MinimumVisualStudioVersion = 10.0.40219.1
Project("{FAE04EC0-301F-11D3-BF4B-00C04F79EFBC}") = "sign", "sign.csproj", "{28D513CB-58FF-44CE-8A39-216D7AC2ADF5}"
EndProject
Global
	GlobalSection(SolutionConfigurationPlatforms) = preSolution
		Debug|Any CPU = Debug|Any CPU
		Release|Any CPU = Release|Any CPU
	EndGlobalSection
	GlobalSection(ProjectConfigurationPlatforms) = postSolution
		{28D513CB-58FF-44CE-8A39-216D7AC2ADF5}.Debug|Any CPU.ActiveCfg = Debug|Any CPU
		{28D513CB-58FF-44CE-8A39-216D7AC2ADF5}.Debug|Any CPU.Build.0 = Debug|Any CPU
		{28D513CB-58FF-44CE-8A39-216D7AC2ADF5}.Release|Any CPU.ActiveCfg = Release|Any CPU
		{28D513CB-58FF-44CE-8A39-216D7AC2ADF5}.Release|Any CPU.Build.0 = Release|Any CPU
	EndGlobalSection
	GlobalSection(SolutionProperties) = preSolution
		HideSolutionNode = FALSE
	EndGlobalSection
	GlobalSection(ExtensibilityGlobals) = postSolution
		SolutionGuid = {82AFD9C4-CFB5-4313-8AE0-169EA53B4607}
	EndGlobalSection
EndGlobal
